
Microsoft Visual Studio Solution File, Format Version 12.00
# Visual Studio Version 16
VisualStudioVersion = 16.0.30225.117
MinimumVisualStudioVersion = 10.0.40219.1
Project("{9A19103F-16F7-4668-BE54-9A1E7A4F7556}") = "SwaggerTest", "SwaggerTest\SwaggerTest.csproj", "{CE963A74-B9AE-460D-9124-0F5017465903}"
EndProject
Project("{E53339B2-1760-4266-BCC7-CA923CBCF16C}") = "docker-compose", "docker-compose.dcproj", "{76315A28-3F93-4A1D-9476-1B25FD8351F4}"
EndProject
Global
	GlobalSection(SolutionConfigurationPlatforms) = preSolution
		Debug|Any CPU = Debug|Any CPU
		Release|Any CPU = Release|Any CPU
	EndGlobalSection
	GlobalSection(ProjectConfigurationPlatforms) = postSolution
		{CE963A74-B9AE-460D-9124-0F5017465903}.Debug|Any CPU.ActiveCfg = Debug|Any CPU
		{CE963A74-B9AE-460D-9124-0F5017465903}.Debug|Any CPU.Build.0 = Debug|Any CPU
		{CE963A74-B9AE-460D-9124-0F5017465903}.Release|Any CPU.ActiveCfg = Release|Any CPU
		{CE963A74-B9AE-460D-9124-0F5017465903}.Release|Any CPU.Build.0 = Release|Any CPU
		{76315A28-3F93-4A1D-9476-1B25FD8351F4}.Debug|Any CPU.ActiveCfg = Debug|Any CPU
		{76315A28-3F93-4A1D-9476-1B25FD8351F4}.Debug|Any CPU.Build.0 = Debug|Any CPU
		{76315A28-3F93-4A1D-9476-1B25FD8351F4}.Release|Any CPU.ActiveCfg = Release|Any CPU
		{76315A28-3F93-4A1D-9476-1B25FD8351F4}.Release|Any CPU.Build.0 = Release|Any CPU
	EndGlobalSection
	GlobalSection(SolutionProperties) = preSolution
		HideSolutionNode = FALSE
	EndGlobalSection
	GlobalSection(ExtensibilityGlobals) = postSolution
		SolutionGuid = {C7AD42A2-67EA-48E7-B37B-3C371B6FBAB3}
	EndGlobalSection
EndGlobal
